
Microsoft Visual Studio Solution File, Format Version 12.00
# Visual Studio Version 17
VisualStudioVersion = 17.10.34928.147
MinimumVisualStudioVersion = 10.0.40219.1
Project("{FAE04EC0-301F-11D3-BF4B-00C04F79EFBC}") = "ATIVIDADE3.2", "ATIVIDADE3.2.csproj", "{A381F785-FE75-466A-A6C5-F8847EF7C587}"
EndProject
Global
	GlobalSection(SolutionConfigurationPlatforms) = preSolution
		Debug|Any CPU = Debug|Any CPU
		Release|Any CPU = Release|Any CPU
	EndGlobalSection
	GlobalSection(ProjectConfigurationPlatforms) = postSolution
		{A381F785-FE75-466A-A6C5-F8847EF7C587}.Debug|Any CPU.ActiveCfg = Debug|Any CPU
		{A381F785-FE75-466A-A6C5-F8847EF7C587}.Debug|Any CPU.Build.0 = Debug|Any CPU
		{A381F785-FE75-466A-A6C5-F8847EF7C587}.Release|Any CPU.ActiveCfg = Release|Any CPU
		{A381F785-FE75-466A-A6C5-F8847EF7C587}.Release|Any CPU.Build.0 = Release|Any CPU
	EndGlobalSection
	GlobalSection(SolutionProperties) = preSolution
		HideSolutionNode = FALSE
	EndGlobalSection
	GlobalSection(ExtensibilityGlobals) = postSolution
		SolutionGuid = {8D617DE4-E9CE-4FBC-8CCA-412D81510E6F}
	EndGlobalSection
EndGlobal
