
Microsoft Visual Studio Solution File, Format Version 12.00
# Visual Studio Version 17
VisualStudioVersion = 17.10.34928.147
MinimumVisualStudioVersion = 10.0.40219.1
Project("{FAE04EC0-301F-11D3-BF4B-00C04F79EFBC}") = "ATIVIDADE3.4", "ATIVIDADE3.4.csproj", "{7377B2D9-E5E7-488A-98D3-633FA3DD328D}"
EndProject
Global
	GlobalSection(SolutionConfigurationPlatforms) = preSolution
		Debug|Any CPU = Debug|Any CPU
		Release|Any CPU = Release|Any CPU
	EndGlobalSection
	GlobalSection(ProjectConfigurationPlatforms) = postSolution
		{7377B2D9-E5E7-488A-98D3-633FA3DD328D}.Debug|Any CPU.ActiveCfg = Debug|Any CPU
		{7377B2D9-E5E7-488A-98D3-633FA3DD328D}.Debug|Any CPU.Build.0 = Debug|Any CPU
		{7377B2D9-E5E7-488A-98D3-633FA3DD328D}.Release|Any CPU.ActiveCfg = Release|Any CPU
		{7377B2D9-E5E7-488A-98D3-633FA3DD328D}.Release|Any CPU.Build.0 = Release|Any CPU
	EndGlobalSection
	GlobalSection(SolutionProperties) = preSolution
		HideSolutionNode = FALSE
	EndGlobalSection
	GlobalSection(ExtensibilityGlobals) = postSolution
		SolutionGuid = {267B821B-3F6E-40DA-9F7C-87EC1579F3C1}
	EndGlobalSection
EndGlobal
